
Microsoft Visual Studio Solution File, Format Version 12.00
# Visual Studio Version 17
VisualStudioVersion = 17.1.32210.238
MinimumVisualStudioVersion = 10.0.40219.1
Project("{FAE04EC0-301F-11D3-BF4B-00C04F79EFBC}") = "ReadKeyMethodUseCases", "ReadKeyMethodUseCases\ReadKeyMethodUseCases.csproj", "{81D1A269-DA36-4E5C-89E8-96F7120C3456}"
EndProject
Global
	GlobalSection(SolutionConfigurationPlatforms) = preSolution
		Debug|Any CPU = Debug|Any CPU
		Release|Any CPU = Release|Any CPU
	EndGlobalSection
	GlobalSection(ProjectConfigurationPlatforms) = postSolution
		{81D1A269-DA36-4E5C-89E8-96F7120C3456}.Debug|Any CPU.ActiveCfg = Debug|Any CPU
		{81D1A269-DA36-4E5C-89E8-96F7120C3456}.Debug|Any CPU.Build.0 = Debug|Any CPU
		{81D1A269-DA36-4E5C-89E8-96F7120C3456}.Release|Any CPU.ActiveCfg = Release|Any CPU
		{81D1A269-DA36-4E5C-89E8-96F7120C3456}.Release|Any CPU.Build.0 = Release|Any CPU
	EndGlobalSection
	GlobalSection(SolutionProperties) = preSolution
		HideSolutionNode = FALSE
	EndGlobalSection
	GlobalSection(ExtensibilityGlobals) = postSolution
		SolutionGuid = {ECC2462A-5445-45E0-9030-A7394721F0DF}
	EndGlobalSection
EndGlobal
