
Microsoft Visual Studio Solution File, Format Version 12.00
# Visual Studio Version 17
VisualStudioVersion = 17.1.32210.238
MinimumVisualStudioVersion = 10.0.40219.1
Project("{FAE04EC0-301F-11D3-BF4B-00C04F79EFBC}") = "ReadKeyUseCase3", "ReadKeyUseCase3\ReadKeyUseCase3.csproj", "{DE2F2B8F-C2B4-4392-B72F-1CADF59E5DC1}"
EndProject
Global
	GlobalSection(SolutionConfigurationPlatforms) = preSolution
		Debug|Any CPU = Debug|Any CPU
		Release|Any CPU = Release|Any CPU
	EndGlobalSection
	GlobalSection(ProjectConfigurationPlatforms) = postSolution
		{DE2F2B8F-C2B4-4392-B72F-1CADF59E5DC1}.Debug|Any CPU.ActiveCfg = Debug|Any CPU
		{DE2F2B8F-C2B4-4392-B72F-1CADF59E5DC1}.Debug|Any CPU.Build.0 = Debug|Any CPU
		{DE2F2B8F-C2B4-4392-B72F-1CADF59E5DC1}.Release|Any CPU.ActiveCfg = Release|Any CPU
		{DE2F2B8F-C2B4-4392-B72F-1CADF59E5DC1}.Release|Any CPU.Build.0 = Release|Any CPU
	EndGlobalSection
	GlobalSection(SolutionProperties) = preSolution
		HideSolutionNode = FALSE
	EndGlobalSection
	GlobalSection(ExtensibilityGlobals) = postSolution
		SolutionGuid = {4C4CDC77-E78C-4781-B550-6AF9A004E806}
	EndGlobalSection
EndGlobal
